
Microsoft Visual Studio Solution File, Format Version 12.00
# Visual Studio 15
VisualStudioVersion = 15.0.28010.2036
MinimumVisualStudioVersion = 10.0.40219.1
Project("{2150E333-8FDC-42A3-9474-1A3956D46DE8}") = "CSharp_7.1", "CSharp_7.1", "{B9CBC9A8-41FC-4AD8-8C6D-EA25F1A2C605}"
EndProject
Global
	GlobalSection(SolutionProperties) = preSolution
		HideSolutionNode = FALSE
	EndGlobalSection
	GlobalSection(ExtensibilityGlobals) = postSolution
		SolutionGuid = {90E1C6CD-03F3-49CA-8846-2D6D528F7A46}
	EndGlobalSection
EndGlobal
